// !$*UTF8*$!
{
	archiveVersion = 1;
	classes = {
	};
	objectVersion = 56;
	objects = {

/* Begin PBXBuildFile section */
		0920ED44296E0AC800A6C9E8 /* Swinject in Frameworks */ = {isa = PBXBuildFile; productRef = 0920ED43296E0AC800A6C9E8 /* Swinject */; };
		0937132F29686FD600124E03 /* AppDelegate.swift in Sources */ = {isa = PBXBuildFile; fileRef = 0937132E29686FD600124E03 /* AppDelegate.swift */; };
		0937133129686FD600124E03 /* SceneDelegate.swift in Sources */ = {isa = PBXBuildFile; fileRef = 0937133029686FD600124E03 /* SceneDelegate.swift */; };
		0937133829686FD700124E03 /* Assets.xcassets in Resources */ = {isa = PBXBuildFile; fileRef = 0937133729686FD700124E03 /* Assets.xcassets */; };
		0937133B29686FD700124E03 /* LaunchScreen.storyboard in Resources */ = {isa = PBXBuildFile; fileRef = 0937133929686FD700124E03 /* LaunchScreen.storyboard */; };
		0937134629686FD700124E03 /* HeroListTests.swift in Sources */ = {isa = PBXBuildFile; fileRef = 0937134529686FD700124E03 /* HeroListTests.swift */; };
		0937135029686FD700124E03 /* HeroListUITests.swift in Sources */ = {isa = PBXBuildFile; fileRef = 0937134F29686FD700124E03 /* HeroListUITests.swift */; };
		0937135229686FD700124E03 /* HeroListUITestsLaunchTests.swift in Sources */ = {isa = PBXBuildFile; fileRef = 0937135129686FD700124E03 /* HeroListUITestsLaunchTests.swift */; };
		09B7E4D5296CAFED0043A36F /* RxBlocking in Frameworks */ = {isa = PBXBuildFile; productRef = 09B7E4D4296CAFED0043A36F /* RxBlocking */; };
		09B7E4D7296CAFED0043A36F /* RxCocoa in Frameworks */ = {isa = PBXBuildFile; productRef = 09B7E4D6296CAFED0043A36F /* RxCocoa */; };
		09B7E4D9296CAFED0043A36F /* RxRelay in Frameworks */ = {isa = PBXBuildFile; productRef = 09B7E4D8296CAFED0043A36F /* RxRelay */; };
		09B7E4DB296CAFED0043A36F /* RxSwift in Frameworks */ = {isa = PBXBuildFile; productRef = 09B7E4DA296CAFED0043A36F /* RxSwift */; };
		09B7E4DD296CAFED0043A36F /* RxTest in Frameworks */ = {isa = PBXBuildFile; productRef = 09B7E4DC296CAFED0043A36F /* RxTest */; };
		09B7E4E0296CB03B0043A36F /* RxSwiftExt in Frameworks */ = {isa = PBXBuildFile; productRef = 09B7E4DF296CB03B0043A36F /* RxSwiftExt */; };
		09B7E4E2296CB33B0043A36F /* ApiManager.swift in Sources */ = {isa = PBXBuildFile; fileRef = 09B7E4E1296CB33B0043A36F /* ApiManager.swift */; };
		09B7E4E6296CB94E0043A36F /* RuntimeError.swift in Sources */ = {isa = PBXBuildFile; fileRef = 09B7E4E5296CB94E0043A36F /* RuntimeError.swift */; };
		09E08A06296B1C67003DEC53 /* AppDIContainer.swift in Sources */ = {isa = PBXBuildFile; fileRef = 09E08A05296B1C67003DEC53 /* AppDIContainer.swift */; };
		09E08A08296B1CCD003DEC53 /* AppMainCoordinator.swift in Sources */ = {isa = PBXBuildFile; fileRef = 09E08A07296B1CCD003DEC53 /* AppMainCoordinator.swift */; };
		09E08A0C296B1D58003DEC53 /* Coordinator.swift in Sources */ = {isa = PBXBuildFile; fileRef = 09E08A0B296B1D58003DEC53 /* Coordinator.swift */; };
		09E08A13296B23AE003DEC53 /* CharacterList.swift in Sources */ = {isa = PBXBuildFile; fileRef = 09E08A12296B23AE003DEC53 /* CharacterList.swift */; };
		09E08A15296B23B3003DEC53 /* Character.swift in Sources */ = {isa = PBXBuildFile; fileRef = 09E08A14296B23B3003DEC53 /* Character.swift */; };
		09E08A18296B2403003DEC53 /* CharacterService.swift in Sources */ = {isa = PBXBuildFile; fileRef = 09E08A17296B2403003DEC53 /* CharacterService.swift */; };
		09E08A1A296B247F003DEC53 /* CharacterRepository.swift in Sources */ = {isa = PBXBuildFile; fileRef = 09E08A19296B247F003DEC53 /* CharacterRepository.swift */; };
		09E08A1F296B2663003DEC53 /* Character+Mapping.swift in Sources */ = {isa = PBXBuildFile; fileRef = 09E08A1E296B2663003DEC53 /* Character+Mapping.swift */; };
		09E08A21296B26B7003DEC53 /* CharacterList+Mapping.swift in Sources */ = {isa = PBXBuildFile; fileRef = 09E08A20296B26B7003DEC53 /* CharacterList+Mapping.swift */; };
		09E08A23296B2722003DEC53 /* AppConfiguration.swift in Sources */ = {isa = PBXBuildFile; fileRef = 09E08A22296B2722003DEC53 /* AppConfiguration.swift */; };
		09E08A2A296B2C22003DEC53 /* CharacterListCoordinator.swift in Sources */ = {isa = PBXBuildFile; fileRef = 09E08A29296B2C22003DEC53 /* CharacterListCoordinator.swift */; };
		09E08A2C296B2C77003DEC53 /* CharacterListVM.swift in Sources */ = {isa = PBXBuildFile; fileRef = 09E08A2B296B2C77003DEC53 /* CharacterListVM.swift */; };
		09E08A2E296B2C95003DEC53 /* CharacterListVC.xib in Resources */ = {isa = PBXBuildFile; fileRef = 09E08A2D296B2C95003DEC53 /* CharacterListVC.xib */; };
		09E08A30296B2CA4003DEC53 /* CharacterListVC.swift in Sources */ = {isa = PBXBuildFile; fileRef = 09E08A2F296B2CA4003DEC53 /* CharacterListVC.swift */; };
		09E08A32296B2CEB003DEC53 /* CharacterListItemCellVM.swift in Sources */ = {isa = PBXBuildFile; fileRef = 09E08A31296B2CEB003DEC53 /* CharacterListItemCellVM.swift */; };
		09E08A34296B2D26003DEC53 /* CharacterListItemCell.swift in Sources */ = {isa = PBXBuildFile; fileRef = 09E08A33296B2D26003DEC53 /* CharacterListItemCell.swift */; };
		09E08A36296B2D35003DEC53 /* CharacterListItemCell.xib in Resources */ = {isa = PBXBuildFile; fileRef = 09E08A35296B2D35003DEC53 /* CharacterListItemCell.xib */; };
		09E08A38296B2D5E003DEC53 /* CharacterDetailCoordinator.swift in Sources */ = {isa = PBXBuildFile; fileRef = 09E08A37296B2D5E003DEC53 /* CharacterDetailCoordinator.swift */; };
		09E08A3A296B2D6A003DEC53 /* CharacterDetailVM.swift in Sources */ = {isa = PBXBuildFile; fileRef = 09E08A39296B2D6A003DEC53 /* CharacterDetailVM.swift */; };
		09E08A3C296B2D74003DEC53 /* CharacterDetailVC.swift in Sources */ = {isa = PBXBuildFile; fileRef = 09E08A3B296B2D74003DEC53 /* CharacterDetailVC.swift */; };
		09E08A3E296B2D7F003DEC53 /* CharacterDetailVC.xib in Resources */ = {isa = PBXBuildFile; fileRef = 09E08A3D296B2D7F003DEC53 /* CharacterDetailVC.xib */; };
/* End PBXBuildFile section */

/* Begin PBXContainerItemProxy section */
		0937134229686FD700124E03 /* PBXContainerItemProxy */ = {
			isa = PBXContainerItemProxy;
			containerPortal = 0937132329686FD600124E03 /* Project object */;
			proxyType = 1;
			remoteGlobalIDString = 0937132A29686FD600124E03;
			remoteInfo = HeroList;
		};
		0937134C29686FD700124E03 /* PBXContainerItemProxy */ = {
			isa = PBXContainerItemProxy;
			containerPortal = 0937132329686FD600124E03 /* Project object */;
			proxyType = 1;
			remoteGlobalIDString = 0937132A29686FD600124E03;
			remoteInfo = HeroList;
		};
/* End PBXContainerItemProxy section */

/* Begin PBXFileReference section */
		0937132B29686FD600124E03 /* HeroList.app */ = {isa = PBXFileReference; explicitFileType = wrapper.application; includeInIndex = 0; path = HeroList.app; sourceTree = BUILT_PRODUCTS_DIR; };
		0937132E29686FD600124E03 /* AppDelegate.swift */ = {isa = PBXFileReference; lastKnownFileType = sourcecode.swift; path = AppDelegate.swift; sourceTree = "<group>"; };
		0937133029686FD600124E03 /* SceneDelegate.swift */ = {isa = PBXFileReference; lastKnownFileType = sourcecode.swift; path = SceneDelegate.swift; sourceTree = "<group>"; };
		0937133729686FD700124E03 /* Assets.xcassets */ = {isa = PBXFileReference; lastKnownFileType = folder.assetcatalog; path = Assets.xcassets; sourceTree = "<group>"; };
		0937133A29686FD700124E03 /* Base */ = {isa = PBXFileReference; lastKnownFileType = file.storyboard; name = Base; path = Base.lproj/LaunchScreen.storyboard; sourceTree = "<group>"; };
		0937133C29686FD700124E03 /* Info.plist */ = {isa = PBXFileReference; lastKnownFileType = text.plist.xml; path = Info.plist; sourceTree = "<group>"; };
		0937134129686FD700124E03 /* HeroListTests.xctest */ = {isa = PBXFileReference; explicitFileType = wrapper.cfbundle; includeInIndex = 0; path = HeroListTests.xctest; sourceTree = BUILT_PRODUCTS_DIR; };
		0937134529686FD700124E03 /* HeroListTests.swift */ = {isa = PBXFileReference; lastKnownFileType = sourcecode.swift; path = HeroListTests.swift; sourceTree = "<group>"; };
		0937134B29686FD700124E03 /* HeroListUITests.xctest */ = {isa = PBXFileReference; explicitFileType = wrapper.cfbundle; includeInIndex = 0; path = HeroListUITests.xctest; sourceTree = BUILT_PRODUCTS_DIR; };
		0937134F29686FD700124E03 /* HeroListUITests.swift */ = {isa = PBXFileReference; lastKnownFileType = sourcecode.swift; path = HeroListUITests.swift; sourceTree = "<group>"; };
		0937135129686FD700124E03 /* HeroListUITestsLaunchTests.swift */ = {isa = PBXFileReference; lastKnownFileType = sourcecode.swift; path = HeroListUITestsLaunchTests.swift; sourceTree = "<group>"; };
		09B7E4E1296CB33B0043A36F /* ApiManager.swift */ = {isa = PBXFileReference; lastKnownFileType = sourcecode.swift; path = ApiManager.swift; sourceTree = "<group>"; };
		09B7E4E5296CB94E0043A36F /* RuntimeError.swift */ = {isa = PBXFileReference; lastKnownFileType = sourcecode.swift; path = RuntimeError.swift; sourceTree = "<group>"; };
		09E08A05296B1C67003DEC53 /* AppDIContainer.swift */ = {isa = PBXFileReference; lastKnownFileType = sourcecode.swift; name = AppDIContainer.swift; path = ../../../../_Showcase/HeroList/HeroList/Application/AppDIContainer.swift; sourceTree = "<group>"; };
		09E08A07296B1CCD003DEC53 /* AppMainCoordinator.swift */ = {isa = PBXFileReference; lastKnownFileType = sourcecode.swift; name = AppMainCoordinator.swift; path = ../../../../_Showcase/HeroList/HeroList/Application/AppMainCoordinator.swift; sourceTree = "<group>"; };
		09E08A0B296B1D58003DEC53 /* Coordinator.swift */ = {isa = PBXFileReference; lastKnownFileType = sourcecode.swift; name = Coordinator.swift; path = ../../../../../_Showcase/HeroList/HeroList/Presentation/Utils/Coordinator.swift; sourceTree = "<group>"; };
		09E08A12296B23AE003DEC53 /* CharacterList.swift */ = {isa = PBXFileReference; fileEncoding = 4; lastKnownFileType = sourcecode.swift; name = CharacterList.swift; path = ../../../../_Showcase/HeroList/HeroList/Models/CharacterList.swift; sourceTree = "<group>"; };
		09E08A14296B23B3003DEC53 /* Character.swift */ = {isa = PBXFileReference; fileEncoding = 4; lastKnownFileType = sourcecode.swift; name = Character.swift; path = ../../../../_Showcase/HeroList/HeroList/Models/Character.swift; sourceTree = "<group>"; };
		09E08A17296B2403003DEC53 /* CharacterService.swift */ = {isa = PBXFileReference; lastKnownFileType = sourcecode.swift; name = CharacterService.swift; path = ../../../../../_Showcase/HeroList/HeroList/Services/Interfaces/CharacterService.swift; sourceTree = "<group>"; };
		09E08A19296B247F003DEC53 /* CharacterRepository.swift */ = {isa = PBXFileReference; lastKnownFileType = sourcecode.swift; name = CharacterRepository.swift; path = ../../../../../_Showcase/HeroList/HeroList/Services/Repositories/CharacterRepository.swift; sourceTree = "<group>"; };
		09E08A1E296B2663003DEC53 /* Character+Mapping.swift */ = {isa = PBXFileReference; lastKnownFileType = sourcecode.swift; name = "Character+Mapping.swift"; path = "../../../../../_Showcase/HeroList/HeroList/Network/Mapping/Character+Mapping.swift"; sourceTree = "<group>"; };
		09E08A20296B26B7003DEC53 /* CharacterList+Mapping.swift */ = {isa = PBXFileReference; lastKnownFileType = sourcecode.swift; name = "CharacterList+Mapping.swift"; path = "../../../../../_Showcase/HeroList/HeroList/Network/Mapping/CharacterList+Mapping.swift"; sourceTree = "<group>"; };
		09E08A22296B2722003DEC53 /* AppConfiguration.swift */ = {isa = PBXFileReference; lastKnownFileType = sourcecode.swift; name = AppConfiguration.swift; path = ../../../../_Showcase/HeroList/HeroList/Application/AppConfiguration.swift; sourceTree = "<group>"; };
		09E08A29296B2C22003DEC53 /* CharacterListCoordinator.swift */ = {isa = PBXFileReference; lastKnownFileType = sourcecode.swift; path = CharacterListCoordinator.swift; sourceTree = "<group>"; };
		09E08A2B296B2C77003DEC53 /* CharacterListVM.swift */ = {isa = PBXFileReference; lastKnownFileType = sourcecode.swift; name = CharacterListVM.swift; path = ../../../../../../_Showcase/HeroList/HeroList/Presentation/HeroList/CharacterList/CharacterListVM.swift; sourceTree = "<group>"; };
		09E08A2D296B2C95003DEC53 /* CharacterListVC.xib */ = {isa = PBXFileReference; lastKnownFileType = file.xib; name = CharacterListVC.xib; path = ../../../../../../_Showcase/HeroList/HeroList/Presentation/HeroList/CharacterList/CharacterListVC.xib; sourceTree = "<group>"; };
		09E08A2F296B2CA4003DEC53 /* CharacterListVC.swift */ = {isa = PBXFileReference; lastKnownFileType = sourcecode.swift; path = CharacterListVC.swift; sourceTree = "<group>"; };
		09E08A31296B2CEB003DEC53 /* CharacterListItemCellVM.swift */ = {isa = PBXFileReference; lastKnownFileType = sourcecode.swift; name = CharacterListItemCellVM.swift; path = ../../../../../../../_Showcase/HeroList/HeroList/Presentation/HeroList/CharacterList/Cells/CharacterListItemCellVM.swift; sourceTree = "<group>"; };
		09E08A33296B2D26003DEC53 /* CharacterListItemCell.swift */ = {isa = PBXFileReference; lastKnownFileType = sourcecode.swift; name = CharacterListItemCell.swift; path = ../../../../../../../_Showcase/HeroList/HeroList/Presentation/HeroList/CharacterList/Cells/CharacterListItemCell.swift; sourceTree = "<group>"; };
		09E08A35296B2D35003DEC53 /* CharacterListItemCell.xib */ = {isa = PBXFileReference; lastKnownFileType = file.xib; name = CharacterListItemCell.xib; path = ../../../../../../../_Showcase/HeroList/HeroList/Presentation/HeroList/CharacterList/Cells/CharacterListItemCell.xib; sourceTree = "<group>"; };
		09E08A37296B2D5E003DEC53 /* CharacterDetailCoordinator.swift */ = {isa = PBXFileReference; lastKnownFileType = sourcecode.swift; name = CharacterDetailCoordinator.swift; path = ../../../../../../_Showcase/HeroList/HeroList/Presentation/HeroList/CharacterDetail/CharacterDetailCoordinator.swift; sourceTree = "<group>"; };
		09E08A39296B2D6A003DEC53 /* CharacterDetailVM.swift */ = {isa = PBXFileReference; lastKnownFileType = sourcecode.swift; name = CharacterDetailVM.swift; path = ../../../../../../_Showcase/HeroList/HeroList/Presentation/HeroList/CharacterDetail/CharacterDetailVM.swift; sourceTree = "<group>"; };
		09E08A3B296B2D74003DEC53 /* CharacterDetailVC.swift */ = {isa = PBXFileReference; lastKnownFileType = sourcecode.swift; name = CharacterDetailVC.swift; path = ../../../../../../_Showcase/HeroList/HeroList/Presentation/HeroList/CharacterDetail/CharacterDetailVC.swift; sourceTree = "<group>"; };
		09E08A3D296B2D7F003DEC53 /* CharacterDetailVC.xib */ = {isa = PBXFileReference; lastKnownFileType = file.xib; name = CharacterDetailVC.xib; path = ../../../../../../_Showcase/HeroList/HeroList/Presentation/HeroList/CharacterDetail/CharacterDetailVC.xib; sourceTree = "<group>"; };
/* End PBXFileReference section */

/* Begin PBXFrameworksBuildPhase section */
		0937132829686FD600124E03 /* Frameworks */ = {
			isa = PBXFrameworksBuildPhase;
			buildActionMask = 2147483647;
			files = (
				09B7E4DB296CAFED0043A36F /* RxSwift in Frameworks */,
				0920ED44296E0AC800A6C9E8 /* Swinject in Frameworks */,
				09B7E4D9296CAFED0043A36F /* RxRelay in Frameworks */,
				09B7E4E0296CB03B0043A36F /* RxSwiftExt in Frameworks */,
				09B7E4D7296CAFED0043A36F /* RxCocoa in Frameworks */,
			);
			runOnlyForDeploymentPostprocessing = 0;
		};
		0937133E29686FD700124E03 /* Frameworks */ = {
			isa = PBXFrameworksBuildPhase;
			buildActionMask = 2147483647;
			files = (
				09B7E4DD296CAFED0043A36F /* RxTest in Frameworks */,
				09B7E4D5296CAFED0043A36F /* RxBlocking in Frameworks */,
			);
			runOnlyForDeploymentPostprocessing = 0;
		};
		0937134829686FD700124E03 /* Frameworks */ = {
			isa = PBXFrameworksBuildPhase;
			buildActionMask = 2147483647;
			files = (
			);
			runOnlyForDeploymentPostprocessing = 0;
		};
/* End PBXFrameworksBuildPhase section */

/* Begin PBXGroup section */
		0937132229686FD600124E03 = {
			isa = PBXGroup;
			children = (
				0937132D29686FD600124E03 /* HeroList */,
				0937134429686FD700124E03 /* HeroListTests */,
				0937134E29686FD700124E03 /* HeroListUITests */,
				0937132C29686FD600124E03 /* Products */,
			);
			sourceTree = "<group>";
		};
		0937132C29686FD600124E03 /* Products */ = {
			isa = PBXGroup;
			children = (
				0937132B29686FD600124E03 /* HeroList.app */,
				0937134129686FD700124E03 /* HeroListTests.xctest */,
				0937134B29686FD700124E03 /* HeroListUITests.xctest */,
			);
			name = Products;
			sourceTree = "<group>";
		};
		0937132D29686FD600124E03 /* HeroList */ = {
			isa = PBXGroup;
			children = (
				09E089FE296B0E04003DEC53 /* Application */,
				09E08A00296B0E1A003DEC53 /* Services */,
				09E08A01296B0E1F003DEC53 /* Models */,
				09E08A02296B0E3B003DEC53 /* Network */,
				09E08A03296B0E41003DEC53 /* Presentation */,
				09E08A04296B0E47003DEC53 /* Resources */,
			);
			path = HeroList;
			sourceTree = "<group>";
		};
		0937134429686FD700124E03 /* HeroListTests */ = {
			isa = PBXGroup;
			children = (
				0937134529686FD700124E03 /* HeroListTests.swift */,
			);
			path = HeroListTests;
			sourceTree = "<group>";
		};
		0937134E29686FD700124E03 /* HeroListUITests */ = {
			isa = PBXGroup;
			children = (
				0937134F29686FD700124E03 /* HeroListUITests.swift */,
				0937135129686FD700124E03 /* HeroListUITestsLaunchTests.swift */,
			);
			path = HeroListUITests;
			sourceTree = "<group>";
		};
		09B7E4E4296CB9440043A36F /* Utils */ = {
			isa = PBXGroup;
			children = (
				09B7E4E5296CB94E0043A36F /* RuntimeError.swift */,
			);
			path = Utils;
			sourceTree = "<group>";
		};
		09E089FE296B0E04003DEC53 /* Application */ = {
			isa = PBXGroup;
			children = (
				0937132E29686FD600124E03 /* AppDelegate.swift */,
				0937133029686FD600124E03 /* SceneDelegate.swift */,
				09E08A05296B1C67003DEC53 /* AppDIContainer.swift */,
				09E08A07296B1CCD003DEC53 /* AppMainCoordinator.swift */,
				09E08A22296B2722003DEC53 /* AppConfiguration.swift */,
			);
			path = Application;
			sourceTree = "<group>";
		};
		09E08A00296B0E1A003DEC53 /* Services */ = {
			isa = PBXGroup;
			children = (
				09E08A11296B2380003DEC53 /* Interfaces */,
				09E08A16296B23BE003DEC53 /* Repositories */,
			);
			path = Services;
			sourceTree = "<group>";
		};
		09E08A01296B0E1F003DEC53 /* Models */ = {
			isa = PBXGroup;
			children = (
				09B7E4E4296CB9440043A36F /* Utils */,
				09E08A14296B23B3003DEC53 /* Character.swift */,
				09E08A12296B23AE003DEC53 /* CharacterList.swift */,
			);
			path = Models;
			sourceTree = "<group>";
		};
		09E08A02296B0E3B003DEC53 /* Network */ = {
			isa = PBXGroup;
			children = (
				09E08A1D296B264C003DEC53 /* Mapping */,
				09B7E4E1296CB33B0043A36F /* ApiManager.swift */,
			);
			path = Network;
			sourceTree = "<group>";
		};
		09E08A03296B0E41003DEC53 /* Presentation */ = {
			isa = PBXGroup;
			children = (
				09E08A09296B1D3D003DEC53 /* HeroList */,
				09E08A0A296B1D47003DEC53 /* Utils */,
			);
			path = Presentation;
			sourceTree = "<group>";
		};
		09E08A04296B0E47003DEC53 /* Resources */ = {
			isa = PBXGroup;
			children = (
				0937133729686FD700124E03 /* Assets.xcassets */,
				0937133C29686FD700124E03 /* Info.plist */,
				0937133929686FD700124E03 /* LaunchScreen.storyboard */,
			);
			path = Resources;
			sourceTree = "<group>";
		};
		09E08A09296B1D3D003DEC53 /* HeroList */ = {
			isa = PBXGroup;
			children = (
				09E08A24296B2BAA003DEC53 /* CharacterList */,
				09E08A25296B2BB3003DEC53 /* CharacterDetail */,
			);
			path = HeroList;
			sourceTree = "<group>";
		};
		09E08A0A296B1D47003DEC53 /* Utils */ = {
			isa = PBXGroup;
			children = (
				09E08A0B296B1D58003DEC53 /* Coordinator.swift */,
			);
			path = Utils;
			sourceTree = "<group>";
		};
		09E08A11296B2380003DEC53 /* Interfaces */ = {
			isa = PBXGroup;
			children = (
				09E08A17296B2403003DEC53 /* CharacterService.swift */,
			);
			path = Interfaces;
			sourceTree = "<group>";
		};
		09E08A16296B23BE003DEC53 /* Repositories */ = {
			isa = PBXGroup;
			children = (
				09E08A19296B247F003DEC53 /* CharacterRepository.swift */,
			);
			path = Repositories;
			sourceTree = "<group>";
		};
		09E08A1D296B264C003DEC53 /* Mapping */ = {
			isa = PBXGroup;
			children = (
				09E08A1E296B2663003DEC53 /* Character+Mapping.swift */,
				09E08A20296B26B7003DEC53 /* CharacterList+Mapping.swift */,
			);
			path = Mapping;
			sourceTree = "<group>";
		};
		09E08A24296B2BAA003DEC53 /* CharacterList */ = {
			isa = PBXGroup;
			children = (
				09E08A28296B2BDD003DEC53 /* Cells */,
				09E08A29296B2C22003DEC53 /* CharacterListCoordinator.swift */,
				09E08A2B296B2C77003DEC53 /* CharacterListVM.swift */,
				09E08A2F296B2CA4003DEC53 /* CharacterListVC.swift */,
				09E08A2D296B2C95003DEC53 /* CharacterListVC.xib */,
			);
			path = CharacterList;
			sourceTree = "<group>";
		};
		09E08A25296B2BB3003DEC53 /* CharacterDetail */ = {
			isa = PBXGroup;
			children = (
				09E08A37296B2D5E003DEC53 /* CharacterDetailCoordinator.swift */,
				09E08A39296B2D6A003DEC53 /* CharacterDetailVM.swift */,
				09E08A3B296B2D74003DEC53 /* CharacterDetailVC.swift */,
				09E08A3D296B2D7F003DEC53 /* CharacterDetailVC.xib */,
			);
			path = CharacterDetail;
			sourceTree = "<group>";
		};
		09E08A28296B2BDD003DEC53 /* Cells */ = {
			isa = PBXGroup;
			children = (
				09E08A31296B2CEB003DEC53 /* CharacterListItemCellVM.swift */,
				09E08A33296B2D26003DEC53 /* CharacterListItemCell.swift */,
				09E08A35296B2D35003DEC53 /* CharacterListItemCell.xib */,
			);
			path = Cells;
			sourceTree = "<group>";
		};
/* End PBXGroup section */

/* Begin PBXNativeTarget section */
		0937132A29686FD600124E03 /* HeroList */ = {
			isa = PBXNativeTarget;
			buildConfigurationList = 0937135529686FD700124E03 /* Build configuration list for PBXNativeTarget "HeroList" */;
			buildPhases = (
				0920ED45296E1E9B00A6C9E8 /* SwiftLint */,
				0937132729686FD600124E03 /* Sources */,
				0937132829686FD600124E03 /* Frameworks */,
				0937132929686FD600124E03 /* Resources */,
			);
			buildRules = (
			);
			dependencies = (
			);
			name = HeroList;
			packageProductDependencies = (
				09B7E4D6296CAFED0043A36F /* RxCocoa */,
				09B7E4D8296CAFED0043A36F /* RxRelay */,
				09B7E4DA296CAFED0043A36F /* RxSwift */,
				09B7E4DF296CB03B0043A36F /* RxSwiftExt */,
				0920ED43296E0AC800A6C9E8 /* Swinject */,
			);
			productName = HeroList;
			productReference = 0937132B29686FD600124E03 /* HeroList.app */;
			productType = "com.apple.product-type.application";
		};
		0937134029686FD700124E03 /* HeroListTests */ = {
			isa = PBXNativeTarget;
			buildConfigurationList = 0937135829686FD700124E03 /* Build configuration list for PBXNativeTarget "HeroListTests" */;
			buildPhases = (
				0937133D29686FD700124E03 /* Sources */,
				0937133E29686FD700124E03 /* Frameworks */,
				0937133F29686FD700124E03 /* Resources */,
			);
			buildRules = (
			);
			dependencies = (
				0937134329686FD700124E03 /* PBXTargetDependency */,
			);
			name = HeroListTests;
			packageProductDependencies = (
				09B7E4D4296CAFED0043A36F /* RxBlocking */,
				09B7E4DC296CAFED0043A36F /* RxTest */,
			);
			productName = HeroListTests;
			productReference = 0937134129686FD700124E03 /* HeroListTests.xctest */;
			productType = "com.apple.product-type.bundle.unit-test";
		};
		0937134A29686FD700124E03 /* HeroListUITests */ = {
			isa = PBXNativeTarget;
			buildConfigurationList = 0937135B29686FD700124E03 /* Build configuration list for PBXNativeTarget "HeroListUITests" */;
			buildPhases = (
				0937134729686FD700124E03 /* Sources */,
				0937134829686FD700124E03 /* Frameworks */,
				0937134929686FD700124E03 /* Resources */,
			);
			buildRules = (
			);
			dependencies = (
				0937134D29686FD700124E03 /* PBXTargetDependency */,
			);
			name = HeroListUITests;
			productName = HeroListUITests;
			productReference = 0937134B29686FD700124E03 /* HeroListUITests.xctest */;
			productType = "com.apple.product-type.bundle.ui-testing";
		};
/* End PBXNativeTarget section */

/* Begin PBXProject section */
		0937132329686FD600124E03 /* Project object */ = {
			isa = PBXProject;
			attributes = {
				BuildIndependentTargetsInParallel = 1;
				LastSwiftUpdateCheck = 1420;
				LastUpgradeCheck = 1420;
				TargetAttributes = {
					0937132A29686FD600124E03 = {
						CreatedOnToolsVersion = 14.2;
					};
					0937134029686FD700124E03 = {
						CreatedOnToolsVersion = 14.2;
						TestTargetID = 0937132A29686FD600124E03;
					};
					0937134A29686FD700124E03 = {
						CreatedOnToolsVersion = 14.2;
						TestTargetID = 0937132A29686FD600124E03;
					};
				};
			};
			buildConfigurationList = 0937132629686FD600124E03 /* Build configuration list for PBXProject "HeroList" */;
			compatibilityVersion = "Xcode 14.0";
			developmentRegion = en;
			hasScannedForEncodings = 0;
			knownRegions = (
				en,
				Base,
			);
			mainGroup = 0937132229686FD600124E03;
			packageReferences = (
				09B7E4D3296CAFED0043A36F /* XCRemoteSwiftPackageReference "RxSwift" */,
				09B7E4DE296CB03B0043A36F /* XCRemoteSwiftPackageReference "RxSwiftExt" */,
				0920ED42296E0AC800A6C9E8 /* XCRemoteSwiftPackageReference "Swinject" */,
			);
			productRefGroup = 0937132C29686FD600124E03 /* Products */;
			projectDirPath = "";
			projectRoot = "";
			targets = (
				0937132A29686FD600124E03 /* HeroList */,
				0937134029686FD700124E03 /* HeroListTests */,
				0937134A29686FD700124E03 /* HeroListUITests */,
			);
		};
/* End PBXProject section */

/* Begin PBXResourcesBuildPhase section */
		0937132929686FD600124E03 /* Resources */ = {
			isa = PBXResourcesBuildPhase;
			buildActionMask = 2147483647;
			files = (
				09E08A3E296B2D7F003DEC53 /* CharacterDetailVC.xib in Resources */,
				0937133B29686FD700124E03 /* LaunchScreen.storyboard in Resources */,
				0937133829686FD700124E03 /* Assets.xcassets in Resources */,
				09E08A36296B2D35003DEC53 /* CharacterListItemCell.xib in Resources */,
				09E08A2E296B2C95003DEC53 /* CharacterListVC.xib in Resources */,
			);
			runOnlyForDeploymentPostprocessing = 0;
		};
		0937133F29686FD700124E03 /* Resources */ = {
			isa = PBXResourcesBuildPhase;
			buildActionMask = 2147483647;
			files = (
			);
			runOnlyForDeploymentPostprocessing = 0;
		};
		0937134929686FD700124E03 /* Resources */ = {
			isa = PBXResourcesBuildPhase;
			buildActionMask = 2147483647;
			files = (
			);
			runOnlyForDeploymentPostprocessing = 0;
		};
/* End PBXResourcesBuildPhase section */

/* Begin PBXShellScriptBuildPhase section */
		0920ED45296E1E9B00A6C9E8 /* SwiftLint */ = {
			isa = PBXShellScriptBuildPhase;
			alwaysOutOfDate = 1;
			buildActionMask = 2147483647;
			files = (
			);
			inputFileListPaths = (
			);
			inputPaths = (
			);
			name = SwiftLint;
			outputFileListPaths = (
			);
			outputPaths = (
			);
			runOnlyForDeploymentPostprocessing = 0;
			shellPath = /bin/sh;
			shellScript = "export PATH=\"$PATH:/opt/homebrew/bin\"\nif which swiftlint > /dev/null; then\n  swiftlint\nelse\n  echo \"warning: SwiftLint not installed, download from https://github.com/realm/SwiftLint\"\nfi\n";
		};
/* End PBXShellScriptBuildPhase section */

/* Begin PBXSourcesBuildPhase section */
		0937132729686FD600124E03 /* Sources */ = {
			isa = PBXSourcesBuildPhase;
			buildActionMask = 2147483647;
			files = (
				09E08A15296B23B3003DEC53 /* Character.swift in Sources */,
				09E08A3A296B2D6A003DEC53 /* CharacterDetailVM.swift in Sources */,
				0937132F29686FD600124E03 /* AppDelegate.swift in Sources */,
				09E08A21296B26B7003DEC53 /* CharacterList+Mapping.swift in Sources */,
				09E08A23296B2722003DEC53 /* AppConfiguration.swift in Sources */,
				09E08A2A296B2C22003DEC53 /* CharacterListCoordinator.swift in Sources */,
				09B7E4E2296CB33B0043A36F /* ApiManager.swift in Sources */,
				09E08A32296B2CEB003DEC53 /* CharacterListItemCellVM.swift in Sources */,
				09E08A1F296B2663003DEC53 /* Character+Mapping.swift in Sources */,
				09B7E4E6296CB94E0043A36F /* RuntimeError.swift in Sources */,
				09E08A1A296B247F003DEC53 /* CharacterRepository.swift in Sources */,
				09E08A08296B1CCD003DEC53 /* AppMainCoordinator.swift in Sources */,
				09E08A3C296B2D74003DEC53 /* CharacterDetailVC.swift in Sources */,
				09E08A0C296B1D58003DEC53 /* Coordinator.swift in Sources */,
				09E08A38296B2D5E003DEC53 /* CharacterDetailCoordinator.swift in Sources */,
				0937133129686FD600124E03 /* SceneDelegate.swift in Sources */,
				09E08A06296B1C67003DEC53 /* AppDIContainer.swift in Sources */,
				09E08A30296B2CA4003DEC53 /* CharacterListVC.swift in Sources */,
				09E08A34296B2D26003DEC53 /* CharacterListItemCell.swift in Sources */,
				09E08A13296B23AE003DEC53 /* CharacterList.swift in Sources */,
				09E08A2C296B2C77003DEC53 /* CharacterListVM.swift in Sources */,
				09E08A18296B2403003DEC53 /* CharacterService.swift in Sources */,
			);
			runOnlyForDeploymentPostprocessing = 0;
		};
		0937133D29686FD700124E03 /* Sources */ = {
			isa = PBXSourcesBuildPhase;
			buildActionMask = 2147483647;
			files = (
				0937134629686FD700124E03 /* HeroListTests.swift in Sources */,
			);
			runOnlyForDeploymentPostprocessing = 0;
		};
		0937134729686FD700124E03 /* Sources */ = {
			isa = PBXSourcesBuildPhase;
			buildActionMask = 2147483647;
			files = (
				0937135229686FD700124E03 /* HeroListUITestsLaunchTests.swift in Sources */,
				0937135029686FD700124E03 /* HeroListUITests.swift in Sources */,
			);
			runOnlyForDeploymentPostprocessing = 0;
		};
/* End PBXSourcesBuildPhase section */

/* Begin PBXTargetDependency section */
		0937134329686FD700124E03 /* PBXTargetDependency */ = {
			isa = PBXTargetDependency;
			target = 0937132A29686FD600124E03 /* HeroList */;
			targetProxy = 0937134229686FD700124E03 /* PBXContainerItemProxy */;
		};
		0937134D29686FD700124E03 /* PBXTargetDependency */ = {
			isa = PBXTargetDependency;
			target = 0937132A29686FD600124E03 /* HeroList */;
			targetProxy = 0937134C29686FD700124E03 /* PBXContainerItemProxy */;
		};
/* End PBXTargetDependency section */

/* Begin PBXVariantGroup section */
		0937133929686FD700124E03 /* LaunchScreen.storyboard */ = {
			isa = PBXVariantGroup;
			children = (
				0937133A29686FD700124E03 /* Base */,
			);
			name = LaunchScreen.storyboard;
			sourceTree = "<group>";
		};
/* End PBXVariantGroup section */

/* Begin XCBuildConfiguration section */
		0937135329686FD700124E03 /* Debug */ = {
			isa = XCBuildConfiguration;
			buildSettings = {
				ALWAYS_SEARCH_USER_PATHS = NO;
				CLANG_ANALYZER_NONNULL = YES;
				CLANG_ANALYZER_NUMBER_OBJECT_CONVERSION = YES_AGGRESSIVE;
				CLANG_CXX_LANGUAGE_STANDARD = "gnu++20";
				CLANG_ENABLE_MODULES = YES;
				CLANG_ENABLE_OBJC_ARC = YES;
				CLANG_ENABLE_OBJC_WEAK = YES;
				CLANG_WARN_BLOCK_CAPTURE_AUTORELEASING = YES;
				CLANG_WARN_BOOL_CONVERSION = YES;
				CLANG_WARN_COMMA = YES;
				CLANG_WARN_CONSTANT_CONVERSION = YES;
				CLANG_WARN_DEPRECATED_OBJC_IMPLEMENTATIONS = YES;
				CLANG_WARN_DIRECT_OBJC_ISA_USAGE = YES_ERROR;
				CLANG_WARN_DOCUMENTATION_COMMENTS = YES;
				CLANG_WARN_EMPTY_BODY = YES;
				CLANG_WARN_ENUM_CONVERSION = YES;
				CLANG_WARN_INFINITE_RECURSION = YES;
				CLANG_WARN_INT_CONVERSION = YES;
				CLANG_WARN_NON_LITERAL_NULL_CONVERSION = YES;
				CLANG_WARN_OBJC_IMPLICIT_RETAIN_SELF = YES;
				CLANG_WARN_OBJC_LITERAL_CONVERSION = YES;
				CLANG_WARN_OBJC_ROOT_CLASS = YES_ERROR;
				CLANG_WARN_QUOTED_INCLUDE_IN_FRAMEWORK_HEADER = YES;
				CLANG_WARN_RANGE_LOOP_ANALYSIS = YES;
				CLANG_WARN_STRICT_PROTOTYPES = YES;
				CLANG_WARN_SUSPICIOUS_MOVE = YES;
				CLANG_WARN_UNGUARDED_AVAILABILITY = YES_AGGRESSIVE;
				CLANG_WARN_UNREACHABLE_CODE = YES;
				CLANG_WARN__DUPLICATE_METHOD_MATCH = YES;
				COPY_PHASE_STRIP = NO;
				DEBUG_INFORMATION_FORMAT = dwarf;
				ENABLE_STRICT_OBJC_MSGSEND = YES;
				ENABLE_TESTABILITY = YES;
				GCC_C_LANGUAGE_STANDARD = gnu11;
				GCC_DYNAMIC_NO_PIC = NO;
				GCC_NO_COMMON_BLOCKS = YES;
				GCC_OPTIMIZATION_LEVEL = 0;
				GCC_PREPROCESSOR_DEFINITIONS = (
					"DEBUG=1",
					"$(inherited)",
				);
				GCC_WARN_64_TO_32_BIT_CONVERSION = YES;
				GCC_WARN_ABOUT_RETURN_TYPE = YES_ERROR;
				GCC_WARN_UNDECLARED_SELECTOR = YES;
				GCC_WARN_UNINITIALIZED_AUTOS = YES_AGGRESSIVE;
				GCC_WARN_UNUSED_FUNCTION = YES;
				GCC_WARN_UNUSED_VARIABLE = YES;
				IPHONEOS_DEPLOYMENT_TARGET = 16.2;
				MTL_ENABLE_DEBUG_INFO = INCLUDE_SOURCE;
				MTL_FAST_MATH = YES;
				ONLY_ACTIVE_ARCH = YES;
				SDKROOT = iphoneos;
				SWIFT_ACTIVE_COMPILATION_CONDITIONS = DEBUG;
				SWIFT_OPTIMIZATION_LEVEL = "-Onone";
			};
			name = Debug;
		};
		0937135429686FD700124E03 /* Release */ = {
			isa = XCBuildConfiguration;
			buildSettings = {
				ALWAYS_SEARCH_USER_PATHS = NO;
				CLANG_ANALYZER_NONNULL = YES;
				CLANG_ANALYZER_NUMBER_OBJECT_CONVERSION = YES_AGGRESSIVE;
				CLANG_CXX_LANGUAGE_STANDARD = "gnu++20";
				CLANG_ENABLE_MODULES = YES;
				CLANG_ENABLE_OBJC_ARC = YES;
				CLANG_ENABLE_OBJC_WEAK = YES;
				CLANG_WARN_BLOCK_CAPTURE_AUTORELEASING = YES;
				CLANG_WARN_BOOL_CONVERSION = YES;
				CLANG_WARN_COMMA = YES;
				CLANG_WARN_CONSTANT_CONVERSION = YES;
				CLANG_WARN_DEPRECATED_OBJC_IMPLEMENTATIONS = YES;
				CLANG_WARN_DIRECT_OBJC_ISA_USAGE = YES_ERROR;
				CLANG_WARN_DOCUMENTATION_COMMENTS = YES;
				CLANG_WARN_EMPTY_BODY = YES;
				CLANG_WARN_ENUM_CONVERSION = YES;
				CLANG_WARN_INFINITE_RECURSION = YES;
				CLANG_WARN_INT_CONVERSION = YES;
				CLANG_WARN_NON_LITERAL_NULL_CONVERSION = YES;
				CLANG_WARN_OBJC_IMPLICIT_RETAIN_SELF = YES;
				CLANG_WARN_OBJC_LITERAL_CONVERSION = YES;
				CLANG_WARN_OBJC_ROOT_CLASS = YES_ERROR;
				CLANG_WARN_QUOTED_INCLUDE_IN_FRAMEWORK_HEADER = YES;
				CLANG_WARN_RANGE_LOOP_ANALYSIS = YES;
				CLANG_WARN_STRICT_PROTOTYPES = YES;
				CLANG_WARN_SUSPICIOUS_MOVE = YES;
				CLANG_WARN_UNGUARDED_AVAILABILITY = YES_AGGRESSIVE;
				CLANG_WARN_UNREACHABLE_CODE = YES;
				CLANG_WARN__DUPLICATE_METHOD_MATCH = YES;
				COPY_PHASE_STRIP = NO;
				DEBUG_INFORMATION_FORMAT = "dwarf-with-dsym";
				ENABLE_NS_ASSERTIONS = NO;
				ENABLE_STRICT_OBJC_MSGSEND = YES;
				GCC_C_LANGUAGE_STANDARD = gnu11;
				GCC_NO_COMMON_BLOCKS = YES;
				GCC_WARN_64_TO_32_BIT_CONVERSION = YES;
				GCC_WARN_ABOUT_RETURN_TYPE = YES_ERROR;
				GCC_WARN_UNDECLARED_SELECTOR = YES;
				GCC_WARN_UNINITIALIZED_AUTOS = YES_AGGRESSIVE;
				GCC_WARN_UNUSED_FUNCTION = YES;
				GCC_WARN_UNUSED_VARIABLE = YES;
				IPHONEOS_DEPLOYMENT_TARGET = 16.2;
				MTL_ENABLE_DEBUG_INFO = NO;
				MTL_FAST_MATH = YES;
				SDKROOT = iphoneos;
				SWIFT_COMPILATION_MODE = wholemodule;
				SWIFT_OPTIMIZATION_LEVEL = "-O";
				VALIDATE_PRODUCT = YES;
			};
			name = Release;
		};
		0937135629686FD700124E03 /* Debug */ = {
			isa = XCBuildConfiguration;
			buildSettings = {
				API_BASE_URL = "https://comicvine.gamespot.com/api";
				API_KEY = "d041a33abb1722798f37704defbac226f4b9d8b5&format=json\nd041a33abb1722798f37704defbac226f4b9d8b5&format=json\nd041a33abb1722798f37704defbac226f4b9d8b5";
				ASSETCATALOG_COMPILER_APPICON_NAME = AppIcon;
				ASSETCATALOG_COMPILER_GLOBAL_ACCENT_COLOR_NAME = AccentColor;
				CODE_SIGN_STYLE = Automatic;
				CURRENT_PROJECT_VERSION = 1;
				DEVELOPMENT_TEAM = 23HVUS5J88;
				GENERATE_INFOPLIST_FILE = YES;
				INFOPLIST_FILE = HeroList/Info.plist;
				INFOPLIST_KEY_UIApplicationSupportsIndirectInputEvents = YES;
				INFOPLIST_KEY_UILaunchStoryboardName = LaunchScreen.storyboard;
				INFOPLIST_KEY_UIMainStoryboardFile = Main;
				INFOPLIST_KEY_UISupportedInterfaceOrientations_iPad = "UIInterfaceOrientationPortrait UIInterfaceOrientationPortraitUpsideDown UIInterfaceOrientationLandscapeLeft UIInterfaceOrientationLandscapeRight";
				INFOPLIST_KEY_UISupportedInterfaceOrientations_iPhone = "UIInterfaceOrientationPortrait UIInterfaceOrientationLandscapeLeft UIInterfaceOrientationLandscapeRight";
				LD_RUNPATH_SEARCH_PATHS = (
					"$(inherited)",
					"@executable_path/Frameworks",
				);
				MARKETING_VERSION = 1.0;
				PRODUCT_BUNDLE_IDENTIFIER = cz.jakubmajdl.HeroList;
				PRODUCT_NAME = "$(TARGET_NAME)";
				SWIFT_EMIT_LOC_STRINGS = YES;
				SWIFT_VERSION = 5.0;
				TARGETED_DEVICE_FAMILY = "1,2";
			};
			name = Debug;
		};
		0937135729686FD700124E03 /* Release */ = {
			isa = XCBuildConfiguration;
			buildSettings = {
				API_BASE_URL = "https://comicvine.gamespot.com/api";
				API_KEY = "d041a33abb1722798f37704defbac226f4b9d8b5&format=json\nd041a33abb1722798f37704defbac226f4b9d8b5&format=json\nd041a33abb1722798f37704defbac226f4b9d8b5";
				ASSETCATALOG_COMPILER_APPICON_NAME = AppIcon;
				ASSETCATALOG_COMPILER_GLOBAL_ACCENT_COLOR_NAME = AccentColor;
				CODE_SIGN_STYLE = Automatic;
				CURRENT_PROJECT_VERSION = 1;
				DEVELOPMENT_TEAM = 23HVUS5J88;
				GENERATE_INFOPLIST_FILE = YES;
				INFOPLIST_FILE = HeroList/Info.plist;
				INFOPLIST_KEY_UIApplicationSupportsIndirectInputEvents = YES;
				INFOPLIST_KEY_UILaunchStoryboardName = LaunchScreen.storyboard;
				INFOPLIST_KEY_UIMainStoryboardFile = Main;
				INFOPLIST_KEY_UISupportedInterfaceOrientations_iPad = "UIInterfaceOrientationPortrait UIInterfaceOrientationPortraitUpsideDown UIInterfaceOrientationLandscapeLeft UIInterfaceOrientationLandscapeRight";
				INFOPLIST_KEY_UISupportedInterfaceOrientations_iPhone = "UIInterfaceOrientationPortrait UIInterfaceOrientationLandscapeLeft UIInterfaceOrientationLandscapeRight";
				LD_RUNPATH_SEARCH_PATHS = (
					"$(inherited)",
					"@executable_path/Frameworks",
				);
				MARKETING_VERSION = 1.0;
				PRODUCT_BUNDLE_IDENTIFIER = cz.jakubmajdl.HeroList;
				PRODUCT_NAME = "$(TARGET_NAME)";
				SWIFT_EMIT_LOC_STRINGS = YES;
				SWIFT_VERSION = 5.0;
				TARGETED_DEVICE_FAMILY = "1,2";
			};
			name = Release;
		};
		0937135929686FD700124E03 /* Debug */ = {
			isa = XCBuildConfiguration;
			buildSettings = {
				ALWAYS_EMBED_SWIFT_STANDARD_LIBRARIES = YES;
				BUNDLE_LOADER = "$(TEST_HOST)";
				CODE_SIGN_STYLE = Automatic;
				CURRENT_PROJECT_VERSION = 1;
				DEVELOPMENT_TEAM = 23HVUS5J88;
				GENERATE_INFOPLIST_FILE = YES;
				IPHONEOS_DEPLOYMENT_TARGET = 16.2;
				MARKETING_VERSION = 1.0;
				PRODUCT_BUNDLE_IDENTIFIER = cz.jakubmajdl.HeroListTests;
				PRODUCT_NAME = "$(TARGET_NAME)";
				SWIFT_EMIT_LOC_STRINGS = NO;
				SWIFT_VERSION = 5.0;
				TARGETED_DEVICE_FAMILY = "1,2";
				TEST_HOST = "$(BUILT_PRODUCTS_DIR)/HeroList.app/$(BUNDLE_EXECUTABLE_FOLDER_PATH)/HeroList";
			};
			name = Debug;
		};
		0937135A29686FD700124E03 /* Release */ = {
			isa = XCBuildConfiguration;
			buildSettings = {
				ALWAYS_EMBED_SWIFT_STANDARD_LIBRARIES = YES;
				BUNDLE_LOADER = "$(TEST_HOST)";
				CODE_SIGN_STYLE = Automatic;
				CURRENT_PROJECT_VERSION = 1;
				DEVELOPMENT_TEAM = 23HVUS5J88;
				GENERATE_INFOPLIST_FILE = YES;
				IPHONEOS_DEPLOYMENT_TARGET = 16.2;
				MARKETING_VERSION = 1.0;
				PRODUCT_BUNDLE_IDENTIFIER = cz.jakubmajdl.HeroListTests;
				PRODUCT_NAME = "$(TARGET_NAME)";
				SWIFT_EMIT_LOC_STRINGS = NO;
				SWIFT_VERSION = 5.0;
				TARGETED_DEVICE_FAMILY = "1,2";
				TEST_HOST = "$(BUILT_PRODUCTS_DIR)/HeroList.app/$(BUNDLE_EXECUTABLE_FOLDER_PATH)/HeroList";
			};
			name = Release;
		};
		0937135C29686FD700124E03 /* Debug */ = {
			isa = XCBuildConfiguration;
			buildSettings = {
				ALWAYS_EMBED_SWIFT_STANDARD_LIBRARIES = YES;
				CODE_SIGN_STYLE = Automatic;
				CURRENT_PROJECT_VERSION = 1;
				DEVELOPMENT_TEAM = 23HVUS5J88;
				GENERATE_INFOPLIST_FILE = YES;
				MARKETING_VERSION = 1.0;
				PRODUCT_BUNDLE_IDENTIFIER = cz.jakubmajdl.HeroListUITests;
				PRODUCT_NAME = "$(TARGET_NAME)";
				SWIFT_EMIT_LOC_STRINGS = NO;
				SWIFT_VERSION = 5.0;
				TARGETED_DEVICE_FAMILY = "1,2";
				TEST_TARGET_NAME = HeroList;
			};
			name = Debug;
		};
		0937135D29686FD700124E03 /* Release */ = {
			isa = XCBuildConfiguration;
			buildSettings = {
				ALWAYS_EMBED_SWIFT_STANDARD_LIBRARIES = YES;
				CODE_SIGN_STYLE = Automatic;
				CURRENT_PROJECT_VERSION = 1;
				DEVELOPMENT_TEAM = 23HVUS5J88;
				GENERATE_INFOPLIST_FILE = YES;
				MARKETING_VERSION = 1.0;
				PRODUCT_BUNDLE_IDENTIFIER = cz.jakubmajdl.HeroListUITests;
				PRODUCT_NAME = "$(TARGET_NAME)";
				SWIFT_EMIT_LOC_STRINGS = NO;
				SWIFT_VERSION = 5.0;
				TARGETED_DEVICE_FAMILY = "1,2";
				TEST_TARGET_NAME = HeroList;
			};
			name = Release;
		};
/* End XCBuildConfiguration section */

/* Begin XCConfigurationList section */
		0937132629686FD600124E03 /* Build configuration list for PBXProject "HeroList" */ = {
			isa = XCConfigurationList;
			buildConfigurations = (
				0937135329686FD700124E03 /* Debug */,
				0937135429686FD700124E03 /* Release */,
			);
			defaultConfigurationIsVisible = 0;
			defaultConfigurationName = Release;
		};
		0937135529686FD700124E03 /* Build configuration list for PBXNativeTarget "HeroList" */ = {
			isa = XCConfigurationList;
			buildConfigurations = (
				0937135629686FD700124E03 /* Debug */,
				0937135729686FD700124E03 /* Release */,
			);
			defaultConfigurationIsVisible = 0;
			defaultConfigurationName = Release;
		};
		0937135829686FD700124E03 /* Build configuration list for PBXNativeTarget "HeroListTests" */ = {
			isa = XCConfigurationList;
			buildConfigurations = (
				0937135929686FD700124E03 /* Debug */,
				0937135A29686FD700124E03 /* Release */,
			);
			defaultConfigurationIsVisible = 0;
			defaultConfigurationName = Release;
		};
		0937135B29686FD700124E03 /* Build configuration list for PBXNativeTarget "HeroListUITests" */ = {
			isa = XCConfigurationList;
			buildConfigurations = (
				0937135C29686FD700124E03 /* Debug */,
				0937135D29686FD700124E03 /* Release */,
			);
			defaultConfigurationIsVisible = 0;
			defaultConfigurationName = Release;
		};
/* End XCConfigurationList section */

/* Begin XCRemoteSwiftPackageReference section */
		0920ED42296E0AC800A6C9E8 /* XCRemoteSwiftPackageReference "Swinject" */ = {
			isa = XCRemoteSwiftPackageReference;
			repositoryURL = "https://github.com/Swinject/Swinject.git";
			requirement = {
				kind = upToNextMajorVersion;
				minimumVersion = 2.0.0;
			};
		};
		09B7E4D3296CAFED0043A36F /* XCRemoteSwiftPackageReference "RxSwift" */ = {
			isa = XCRemoteSwiftPackageReference;
			repositoryURL = "https://github.com/ReactiveX/RxSwift.git";
			requirement = {
				kind = upToNextMajorVersion;
				minimumVersion = 6.0.0;
			};
		};
		09B7E4DE296CB03B0043A36F /* XCRemoteSwiftPackageReference "RxSwiftExt" */ = {
			isa = XCRemoteSwiftPackageReference;
			repositoryURL = "https://github.com/RxSwiftCommunity/RxSwiftExt.git";
			requirement = {
				kind = upToNextMajorVersion;
				minimumVersion = 6.0.0;
			};
		};
/* End XCRemoteSwiftPackageReference section */

/* Begin XCSwiftPackageProductDependency section */
		0920ED43296E0AC800A6C9E8 /* Swinject */ = {
			isa = XCSwiftPackageProductDependency;
			package = 0920ED42296E0AC800A6C9E8 /* XCRemoteSwiftPackageReference "Swinject" */;
			productName = Swinject;
		};
		09B7E4D4296CAFED0043A36F /* RxBlocking */ = {
			isa = XCSwiftPackageProductDependency;
			package = 09B7E4D3296CAFED0043A36F /* XCRemoteSwiftPackageReference "RxSwift" */;
			productName = RxBlocking;
		};
		09B7E4D6296CAFED0043A36F /* RxCocoa */ = {
			isa = XCSwiftPackageProductDependency;
			package = 09B7E4D3296CAFED0043A36F /* XCRemoteSwiftPackageReference "RxSwift" */;
			productName = RxCocoa;
		};
		09B7E4D8296CAFED0043A36F /* RxRelay */ = {
			isa = XCSwiftPackageProductDependency;
			package = 09B7E4D3296CAFED0043A36F /* XCRemoteSwiftPackageReference "RxSwift" */;
			productName = RxRelay;
		};
		09B7E4DA296CAFED0043A36F /* RxSwift */ = {
			isa = XCSwiftPackageProductDependency;
			package = 09B7E4D3296CAFED0043A36F /* XCRemoteSwiftPackageReference "RxSwift" */;
			productName = RxSwift;
		};
		09B7E4DC296CAFED0043A36F /* RxTest */ = {
			isa = XCSwiftPackageProductDependency;
			package = 09B7E4D3296CAFED0043A36F /* XCRemoteSwiftPackageReference "RxSwift" */;
			productName = RxTest;
		};
		09B7E4DF296CB03B0043A36F /* RxSwiftExt */ = {
			isa = XCSwiftPackageProductDependency;
			package = 09B7E4DE296CB03B0043A36F /* XCRemoteSwiftPackageReference "RxSwiftExt" */;
			productName = RxSwiftExt;
		};
/* End XCSwiftPackageProductDependency section */
	};
	rootObject = 0937132329686FD600124E03 /* Project object */;
}
